
Microsoft Visual Studio Solution File, Format Version 12.00
# Visual Studio Version 17
VisualStudioVersion = 17.4.33213.308
MinimumVisualStudioVersion = 10.0.40219.1
Project("{FAE04EC0-301F-11D3-BF4B-00C04F79EFBC}") = "PESO IDEAL", "PESO IDEAL.csproj", "{F7F9CEFB-F15C-43B6-A69E-CB1F8D3D0845}"
EndProject
Global
	GlobalSection(SolutionConfigurationPlatforms) = preSolution
		Debug|Any CPU = Debug|Any CPU
		Release|Any CPU = Release|Any CPU
	EndGlobalSection
	GlobalSection(ProjectConfigurationPlatforms) = postSolution
		{F7F9CEFB-F15C-43B6-A69E-CB1F8D3D0845}.Debug|Any CPU.ActiveCfg = Debug|Any CPU
		{F7F9CEFB-F15C-43B6-A69E-CB1F8D3D0845}.Debug|Any CPU.Build.0 = Debug|Any CPU
		{F7F9CEFB-F15C-43B6-A69E-CB1F8D3D0845}.Release|Any CPU.ActiveCfg = Release|Any CPU
		{F7F9CEFB-F15C-43B6-A69E-CB1F8D3D0845}.Release|Any CPU.Build.0 = Release|Any CPU
	EndGlobalSection
	GlobalSection(SolutionProperties) = preSolution
		HideSolutionNode = FALSE
	EndGlobalSection
	GlobalSection(ExtensibilityGlobals) = postSolution
		SolutionGuid = {CDC2B55F-47BD-4BED-858E-A5B112F2B341}
	EndGlobalSection
EndGlobal
